
Microsoft Visual Studio Solution File, Format Version 12.00
# Visual Studio Version 16
VisualStudioVersion = 16.0.31205.134
MinimumVisualStudioVersion = 10.0.40219.1
Project("{FAE04EC0-301F-11D3-BF4B-00C04F79EFBC}") = "LocalizationSample", "LocalizationSample\LocalizationSample.csproj", "{1C203A23-8A8B-4272-80B2-F5EB57F9A3EE}"
EndProject
Project("{FAE04EC0-301F-11D3-BF4B-00C04F79EFBC}") = "LocalizationSample.ViewModels", "LocalizationSample.ViewModels\LocalizationSample.ViewModels.csproj", "{C7DE3F25-EC78-4978-99E2-34A19F21B63C}"
EndProject
Global
	GlobalSection(SolutionConfigurationPlatforms) = preSolution
		Debug|Any CPU = Debug|Any CPU
		Release|Any CPU = Release|Any CPU
	EndGlobalSection
	GlobalSection(ProjectConfigurationPlatforms) = postSolution
		{1C203A23-8A8B-4272-80B2-F5EB57F9A3EE}.Debug|Any CPU.ActiveCfg = Debug|Any CPU
		{1C203A23-8A8B-4272-80B2-F5EB57F9A3EE}.Debug|Any CPU.Build.0 = Debug|Any CPU
		{1C203A23-8A8B-4272-80B2-F5EB57F9A3EE}.Release|Any CPU.ActiveCfg = Release|Any CPU
		{1C203A23-8A8B-4272-80B2-F5EB57F9A3EE}.Release|Any CPU.Build.0 = Release|Any CPU
		{C7DE3F25-EC78-4978-99E2-34A19F21B63C}.Debug|Any CPU.ActiveCfg = Debug|Any CPU
		{C7DE3F25-EC78-4978-99E2-34A19F21B63C}.Debug|Any CPU.Build.0 = Debug|Any CPU
		{C7DE3F25-EC78-4978-99E2-34A19F21B63C}.Release|Any CPU.ActiveCfg = Release|Any CPU
		{C7DE3F25-EC78-4978-99E2-34A19F21B63C}.Release|Any CPU.Build.0 = Release|Any CPU
	EndGlobalSection
	GlobalSection(SolutionProperties) = preSolution
		HideSolutionNode = FALSE
	EndGlobalSection
	GlobalSection(ExtensibilityGlobals) = postSolution
		SolutionGuid = {AB6DA659-B2B6-4AC9-BDB4-306479D4E6B3}
	EndGlobalSection
EndGlobal
